
Microsoft Visual Studio Solution File, Format Version 12.00
# Visual Studio Version 17
VisualStudioVersion = 17.14.36623.8 d17.14
MinimumVisualStudioVersion = 10.0.40219.1
Project("{FAE04EC0-301F-11D3-BF4B-00C04F79EFBC}") = "NotificationCenter", "NotificationCenter.csproj", "{A14706A2-6341-4565-B1F1-C288C7CB4C36}"
EndProject
Global
	GlobalSection(SolutionConfigurationPlatforms) = preSolution
		Debug|Any CPU = Debug|Any CPU
		Release|Any CPU = Release|Any CPU
	EndGlobalSection
	GlobalSection(ProjectConfigurationPlatforms) = postSolution
		{A14706A2-6341-4565-B1F1-C288C7CB4C36}.Debug|Any CPU.ActiveCfg = Debug|Any CPU
		{A14706A2-6341-4565-B1F1-C288C7CB4C36}.Debug|Any CPU.Build.0 = Debug|Any CPU
		{A14706A2-6341-4565-B1F1-C288C7CB4C36}.Release|Any CPU.ActiveCfg = Release|Any CPU
		{A14706A2-6341-4565-B1F1-C288C7CB4C36}.Release|Any CPU.Build.0 = Release|Any CPU
	EndGlobalSection
	GlobalSection(SolutionProperties) = preSolution
		HideSolutionNode = FALSE
	EndGlobalSection
	GlobalSection(ExtensibilityGlobals) = postSolution
		SolutionGuid = {48E384EC-DF77-40E8-B8FD-E808C02DF32D}
	EndGlobalSection
EndGlobal
